
Microsoft Visual Studio Solution File, Format Version 12.00
# Visual Studio Version 16
VisualStudioVersion = 16.0.31205.134
MinimumVisualStudioVersion = 10.0.40219.1
Project("{FAE04EC0-301F-11D3-BF4B-00C04F79EFBC}") = "Lab_1", "Lab_1.csproj", "{1C7D3C89-23BC-44E6-B766-40AAB5A3EC32}"
EndProject
Global
	GlobalSection(SolutionConfigurationPlatforms) = preSolution
		Debug|Any CPU = Debug|Any CPU
		Release|Any CPU = Release|Any CPU
	EndGlobalSection
	GlobalSection(ProjectConfigurationPlatforms) = postSolution
		{1C7D3C89-23BC-44E6-B766-40AAB5A3EC32}.Debug|Any CPU.ActiveCfg = Debug|Any CPU
		{1C7D3C89-23BC-44E6-B766-40AAB5A3EC32}.Debug|Any CPU.Build.0 = Debug|Any CPU
		{1C7D3C89-23BC-44E6-B766-40AAB5A3EC32}.Release|Any CPU.ActiveCfg = Release|Any CPU
		{1C7D3C89-23BC-44E6-B766-40AAB5A3EC32}.Release|Any CPU.Build.0 = Release|Any CPU
	EndGlobalSection
	GlobalSection(SolutionProperties) = preSolution
		HideSolutionNode = FALSE
	EndGlobalSection
	GlobalSection(ExtensibilityGlobals) = postSolution
		SolutionGuid = {4A0A07A5-7038-4F59-BF14-F7DDD8D526D4}
	EndGlobalSection
EndGlobal
