
Microsoft Visual Studio Solution File, Format Version 12.00
# Visual Studio Version 16
VisualStudioVersion = 16.0.31702.278
MinimumVisualStudioVersion = 10.0.40219.1
Project("{FAE04EC0-301F-11D3-BF4B-00C04F79EFBC}") = "Lab4_OP", "Lab4_OP.csproj", "{E08ABEFC-90F2-4E7A-89BE-3FCF95BC1264}"
EndProject
Global
	GlobalSection(SolutionConfigurationPlatforms) = preSolution
		Debug|Any CPU = Debug|Any CPU
		Release|Any CPU = Release|Any CPU
	EndGlobalSection
	GlobalSection(ProjectConfigurationPlatforms) = postSolution
		{E08ABEFC-90F2-4E7A-89BE-3FCF95BC1264}.Debug|Any CPU.ActiveCfg = Debug|Any CPU
		{E08ABEFC-90F2-4E7A-89BE-3FCF95BC1264}.Debug|Any CPU.Build.0 = Debug|Any CPU
		{E08ABEFC-90F2-4E7A-89BE-3FCF95BC1264}.Release|Any CPU.ActiveCfg = Release|Any CPU
		{E08ABEFC-90F2-4E7A-89BE-3FCF95BC1264}.Release|Any CPU.Build.0 = Release|Any CPU
	EndGlobalSection
	GlobalSection(SolutionProperties) = preSolution
		HideSolutionNode = FALSE
	EndGlobalSection
	GlobalSection(ExtensibilityGlobals) = postSolution
		SolutionGuid = {34887A9A-6935-42C9-8FD5-AABEFCD3A368}
	EndGlobalSection
EndGlobal
