
Microsoft Visual Studio Solution File, Format Version 12.00
# Visual Studio Version 16
VisualStudioVersion = 16.0.31702.278
MinimumVisualStudioVersion = 10.0.40219.1
Project("{FAE04EC0-301F-11D3-BF4B-00C04F79EFBC}") = "Lab3_1_OP", "Lab3_1_OP.csproj", "{BC879F6A-E9BA-4D99-AE1D-FE5AD861750E}"
EndProject
Global
	GlobalSection(SolutionConfigurationPlatforms) = preSolution
		Debug|Any CPU = Debug|Any CPU
		Release|Any CPU = Release|Any CPU
	EndGlobalSection
	GlobalSection(ProjectConfigurationPlatforms) = postSolution
		{BC879F6A-E9BA-4D99-AE1D-FE5AD861750E}.Debug|Any CPU.ActiveCfg = Debug|Any CPU
		{BC879F6A-E9BA-4D99-AE1D-FE5AD861750E}.Debug|Any CPU.Build.0 = Debug|Any CPU
		{BC879F6A-E9BA-4D99-AE1D-FE5AD861750E}.Release|Any CPU.ActiveCfg = Release|Any CPU
		{BC879F6A-E9BA-4D99-AE1D-FE5AD861750E}.Release|Any CPU.Build.0 = Release|Any CPU
	EndGlobalSection
	GlobalSection(SolutionProperties) = preSolution
		HideSolutionNode = FALSE
	EndGlobalSection
	GlobalSection(ExtensibilityGlobals) = postSolution
		SolutionGuid = {39FCE6CC-E994-471C-80F6-BC480C972673}
	EndGlobalSection
EndGlobal
