
Microsoft Visual Studio Solution File, Format Version 12.00
# Visual Studio Version 16
VisualStudioVersion = 16.0.31702.278
MinimumVisualStudioVersion = 10.0.40219.1
Project("{9A19103F-16F7-4668-BE54-9A1E7A4F7556}") = "Laba2_2_OP", "Laba2_2_OP.csproj", "{67DF3050-E403-4D69-BA04-B015F34344AD}"
EndProject
Global
	GlobalSection(SolutionConfigurationPlatforms) = preSolution
		Debug|Any CPU = Debug|Any CPU
		Release|Any CPU = Release|Any CPU
	EndGlobalSection
	GlobalSection(ProjectConfigurationPlatforms) = postSolution
		{67DF3050-E403-4D69-BA04-B015F34344AD}.Debug|Any CPU.ActiveCfg = Debug|Any CPU
		{67DF3050-E403-4D69-BA04-B015F34344AD}.Debug|Any CPU.Build.0 = Debug|Any CPU
		{67DF3050-E403-4D69-BA04-B015F34344AD}.Release|Any CPU.ActiveCfg = Release|Any CPU
		{67DF3050-E403-4D69-BA04-B015F34344AD}.Release|Any CPU.Build.0 = Release|Any CPU
	EndGlobalSection
	GlobalSection(SolutionProperties) = preSolution
		HideSolutionNode = FALSE
	EndGlobalSection
	GlobalSection(ExtensibilityGlobals) = postSolution
		SolutionGuid = {9335105A-043E-45E0-9E3B-87F541461F37}
	EndGlobalSection
EndGlobal
